
Microsoft Visual Studio Solution File, Format Version 12.00
Project("{FAE04EC0-301F-11D3-BF4B-00C04F79EFBC}") = "Hotelreservierungssystem", "Hotelreservierungssystem\Hotelreservierungssystem.csproj", "{FB8D4741-E54D-4717-B0FA-E3313D02745C}"
EndProject
Global
	GlobalSection(SolutionConfigurationPlatforms) = preSolution
		Debug|Any CPU = Debug|Any CPU
		Release|Any CPU = Release|Any CPU
	EndGlobalSection
	GlobalSection(ProjectConfigurationPlatforms) = postSolution
		{FB8D4741-E54D-4717-B0FA-E3313D02745C}.Debug|Any CPU.ActiveCfg = Debug|Any CPU
		{FB8D4741-E54D-4717-B0FA-E3313D02745C}.Debug|Any CPU.Build.0 = Debug|Any CPU
		{FB8D4741-E54D-4717-B0FA-E3313D02745C}.Release|Any CPU.ActiveCfg = Release|Any CPU
		{FB8D4741-E54D-4717-B0FA-E3313D02745C}.Release|Any CPU.Build.0 = Release|Any CPU
	EndGlobalSection
EndGlobal
